{
  "nodes": {
    "ark-rp-visualisation": {
      "inputs": {
        "nixpkgs": [
          "nixpkgs"
        ],
        "pyproject-build-systems": [
          "pyproject-build-systems"
        ],
        "pyproject-nix": [
          "pyproject-nix"
        ],
        "uv2nix": [
          "uv2nix"
        ]
      },
      "locked": {
        "lastModified": 1788768526,
        "narHash": "sha256-Fr424PiemFc7l2Bq8ZBGz2sV8ArpW2GQb28g3CmBJPg=",
        "owner": "queze1",
        "repo": "ark-rp-visualisation",
        "rev": "87824acbf7b9c44be98482bd82fad46eb2eb9190",
        "type": "github"
      },
      "original": {
        "owner": "queze1",
        "repo": "ark-rp-visualisation",
        "type": "github"
      }
    },
    "bunny-yazi": {
      "flake": false,
      "locked": {
        "lastModified": 1773026544,
        "narHash": "sha256-uQO0C00yOFPWq8KEO/kEZM6tFZRc9SiXfgN7kzlwDeA=",
        "owner": "stelcodes",
        "repo": "bunny.yazi",
        "rev": "71b14a3d624572f4884354c2e218296e9ece07cc",
        "type": "github"
      },
      "original": {
        "owner": "stelcodes",
        "repo": "bunny.yazi",
        "type": "github"
      }
    },
    "colmena": {
      "inputs": {
        "nix-github-actions": "nix-github-actions",
        "nixpkgs": [
          "nixpkgs"
        ],
        "stable": [
          "nixpkgs-stable"
        ],
        "systems": "systems"
      },
      "locked": {
        "lastModified": 1790716853,
        "narHash": "sha256-IT0OZW81jngocoxi9Gg2CTSGOC1O6qLioW17nevqIUk=",
        "owner": "zhaofengli",
        "repo": "colmena",
        "rev": "524ddd89f62721a92e8629063d347e7a1ed390de",
        "type": "github"
      },
      "original": {
        "owner": "zhaofengli",
        "repo": "colmena",
        "type": "github"
      }
    },
    "comin": {
      "inputs": {
        "flake-compat": "flake-compat",
        "nixpkgs": [
          "nixpkgs"
        ],
        "treefmt-nix": "treefmt-nix"
      },
      "locked": {
        "lastModified": 1790951208,
        "narHash": "sha256-eCC1t0pAwtNjDa9Q1X3sO6Uba3cYIUfln3OLaNE1u5Y=",
        "owner": "nlewo",
        "repo": "comin",
        "rev": "6814f2df92e702b188b1483b5f46b06bb36dcfb1",
        "type": "github"
      },
      "original": {
        "owner": "nlewo",
        "repo": "comin",
        "type": "github"
      }
    },
    "creamlinux-installer": {
      "flake": false,
      "locked": {
        "lastModified": 1783846734,
        "narHash": "sha256-sV23mp0XnJHf4oSqqvFLFfvSkssHzxafqYMNw3HGEdg=",
        "owner": "Novattz",
        "repo": "creamlinux-installer",
        "rev": "7c16b63b41f984a1f480fa14ce78da4cc4869a66",
        "type": "github"
      },
      "original": {
        "owner": "Novattz",
        "repo": "creamlinux-installer",
        "type": "github"
      }
    },
    "disko": {
      "inputs": {
        "nixpkgs": [
          "nixpkgs"
        ]
      },
      "locked": {
        "lastModified": 1789770686,
        "narHash": "sha256-uZkBR7yHdIKUFB5SZdfgh1qkGfI3XmYmI/lTiquxbck=",
        "owner": "nix-community",
        "repo": "disko",
        "rev": "725ea35e410ad83be4931d1bff7e090eacaf3563",
        "type": "github"
      },
      "original": {
        "owner": "nix-community",
        "repo": "disko",
        "type": "github"
      }
    },
    "filebrowser-quantum": {
      "flake": false,
      "locked": {
        "lastModified": 1791072872,
        "narHash": "sha256-OKyhYuogAmtnWrMjNQzriyLff4dBGWNz/rHAwVcJthE=",
        "owner": "gtsteffaniak",
        "repo": "filebrowser",
        "rev": "c74817b1ab4df4fa5385b7b2913ba964765587ba",
        "type": "github"
      },
      "original": {
        "owner": "gtsteffaniak",
        "repo": "filebrowser",
        "type": "github"
      }
    },
    "flake-compat": {
      "flake": false,
      "locked": {
        "lastModified": 1765121682,
        "narHash": "sha256-4VBOP18BFeiPkyhy9o4ssBNQEvfvv1kXkasAYd0+rrA=",
        "owner": "NixOS",
        "repo": "flake-compat",
        "rev": "65f23138d8d09a92e30f1e5c87611b23ef451bf3",
        "type": "github"
      },
      "original": {
        "owner": "NixOS",
        "repo": "flake-compat",
        "type": "github"
      }
    },
    "flake-compat_2": {
      "flake": false,
      "locked": {
        "lastModified": 1767039857,
        "narHash": "sha256-vNpUSpF5Nuw8xvDLj2KCwwksIbjua2LZCqhV1LNRDns=",
        "owner": "NixOS",
        "repo": "flake-compat",
        "rev": "5edf11c44bc78a0d334f6334cdaf7d60d732daab",
        "type": "github"
      },
      "original": {
        "owner": "NixOS",
        "repo": "flake-compat",
        "type": "github"
      }
    },
    "flake-compat_3": {
      "flake": false,
      "locked": {
        "lastModified": 1777699697,
        "narHash": "sha256-Eg9b/rq/ECYwNwEXs5i9wHyhxNI0JrYx2srdI2uZMaQ=",
        "ref": "refs/heads/main",
        "rev": "382052b74656a369c5408822af3f2501e9b1af81",
        "revCount": 94,
        "type": "git",
        "url": "https://git.lix.systems/lix-project/flake-compat.git"
      },
      "original": {
        "type": "git",
        "url": "https://git.lix.systems/lix-project/flake-compat.git"
      }
    },
    "flake-parts": {
      "inputs": {
        "nixpkgs-lib": "nixpkgs-lib"
      },
      "locked": {
        "lastModified": 1790898470,
        "narHash": "sha256-zTwuwezD0w3hpga6a6P8emidzAZFyWqlNeRBlpWOOl8=",
        "owner": "hercules-ci",
        "repo": "flake-parts",
        "rev": "024633cd702b10285db5cb19b40ad48d2399ba60",
        "type": "github"
      },
      "original": {
        "owner": "hercules-ci",
        "repo": "flake-parts",
        "type": "github"
      }
    },
    "git-hooks-nix": {
      "inputs": {
        "flake-compat": "flake-compat_2",
        "nixpkgs": [
          "nixpkgs"
        ]
      },
      "locked": {
        "lastModified": 1790500375,
        "narHash": "sha256-XN3sDtn8TU9hAc9xqZ+SqRB/HHm2wjxM6aSWYLJU+oo=",
        "owner": "cachix",
        "repo": "git-hooks.nix",
        "rev": "a0e4241b51206fbcbf52fd322eb5f0cd80f153c4",
        "type": "github"
      },
      "original": {
        "owner": "cachix",
        "repo": "git-hooks.nix",
        "type": "github"
      }
    },
    "github-actions-nvim": {
      "flake": false,
      "locked": {
        "lastModified": 1787591608,
        "narHash": "sha256-W8375avYiUkrAH/8E8x21n4xXzR0k9sSGbsRo186m2s=",
        "owner": "skanehira",
        "repo": "github-actions.nvim",
        "rev": "340ab91f11643f76eaf854ede398e54769cccd4a",
        "type": "github"
      },
      "original": {
        "owner": "skanehira",
        "repo": "github-actions.nvim",
        "type": "github"
      }
    },
    "github2forgejo": {
      "flake": false,
      "locked": {
        "lastModified": 1780950357,
        "narHash": "sha256-E4j8PvIjVqVLc08fi3TLJjzVJ4YSeyAnd2ry639SxSg=",
        "owner": "PatNei",
        "repo": "GITHUB2FORGEJO",
        "rev": "ac84e6e1a9e0d55a041a1d8e9ba7092eadd85433",
        "type": "github"
      },
      "original": {
        "owner": "PatNei",
        "repo": "GITHUB2FORGEJO",
        "type": "github"
      }
    },
    "home-manager": {
      "inputs": {
        "nixpkgs": [
          "nixpkgs"
        ]
      },
      "locked": {
        "lastModified": 1790989254,
        "narHash": "sha256-ZN+riaeFuE+DZ5zfqJiXlM12jLwZzeIXiNkU1YeHMXI=",
        "owner": "nix-community",
        "repo": "home-manager",
        "rev": "acd21c5a3420a9d5fd0ed06299b10828267ef9ba",
        "type": "github"
      },
      "original": {
        "owner": "nix-community",
        "repo": "home-manager",
        "type": "github"
      }
    },
    "import-tree": {
      "locked": {
        "lastModified": 1788467110,
        "narHash": "sha256-ljEMTXP/rH0tOvDzc9gzwww6KcHRPRnEHzd9lK48V7s=",
        "owner": "vic",
        "repo": "import-tree",
        "rev": "eb1b52eaecc57f7c136d07ae8a93e724dfecac46",
        "type": "github"
      },
      "original": {
        "owner": "vic",
        "repo": "import-tree",
        "type": "github"
      }
    },
    "mnw": {
      "locked": {
        "lastModified": 1784154424,
        "narHash": "sha256-HRn4O1X2ShYtbq5Egji72/aemyc2cIQicjRZD9hBqM8=",
        "owner": "Gerg-L",
        "repo": "mnw",
        "rev": "0151d9fa87992cbeb67c86616fb9170dcec830b6",
        "type": "github"
      },
      "original": {
        "owner": "Gerg-L",
        "repo": "mnw",
        "type": "github"
      }
    },
    "nix-darwin": {
      "inputs": {
        "nixpkgs": [
          "nixpkgs"
        ]
      },
      "locked": {
        "lastModified": 1786845137,
        "narHash": "sha256-oQFip+v0luP8NIxJzmiW4Wu8bILsbFWom5l0zonl8hQ=",
        "owner": "nix-darwin",
        "repo": "nix-darwin",
        "rev": "4cff07de74b50e64bdd68cd4e722ab5b6b35ee48",
        "type": "github"
      },
      "original": {
        "owner": "nix-darwin",
        "ref": "master",
        "repo": "nix-darwin",
        "type": "github"
      }
    },
    "nix-github-actions": {
      "inputs": {
        "nixpkgs": [
          "colmena",
          "nixpkgs"
        ]
      },
      "locked": {
        "lastModified": 1737420293,
        "narHash": "sha256-F1G5ifvqTpJq7fdkT34e/Jy9VCyzd5XfJ9TO8fHhJWE=",
        "owner": "nix-community",
        "repo": "nix-github-actions",
        "rev": "f4158fa080ef4503c8f4c820967d946c2af31ec9",
        "type": "github"
      },
      "original": {
        "owner": "nix-community",
        "repo": "nix-github-actions",
        "type": "github"
      }
    },
    "nix-index-database": {
      "inputs": {
        "nixpkgs": [
          "nixpkgs"
        ]
      },
      "locked": {
        "lastModified": 1790499302,
        "narHash": "sha256-Gbf/U9ptJhQh0qnDnJ/+a8MAcq1HXunbArUTHR2wNYk=",
        "owner": "nix-community",
        "repo": "nix-index-database",
        "rev": "161d7c91accd93034bb3c295224d9d895a778573",
        "type": "github"
      },
      "original": {
        "owner": "nix-community",
        "repo": "nix-index-database",
        "type": "github"
      }
    },
    "nix-vm-test": {
      "inputs": {
        "nixpkgs": [
          "nixos-anywhere",
          "nixpkgs"
        ]
      },
      "locked": {
        "lastModified": 1789916284,
        "narHash": "sha256-lv8kCCNM04qFsEMjDVrx6Z4q1afk46CBCQQq1wk5yNM=",
        "owner": "numtide",
        "repo": "nix-vm-test",
        "rev": "f6688c8cc9185daccbeb89b2ff6e57dd66e5474a",
        "type": "github"
      },
      "original": {
        "owner": "numtide",
        "repo": "nix-vm-test",
        "type": "github"
      }
    },
    "nixos-anywhere": {
      "inputs": {
        "disko": [
          "disko"
        ],
        "nix-vm-test": "nix-vm-test",
        "nixos-images": "nixos-images",
        "nixos-stable": "nixos-stable",
        "nixpkgs": [
          "nixpkgs"
        ],
        "treefmt-nix": "treefmt-nix_2"
      },
      "locked": {
        "lastModified": 1790753087,
        "narHash": "sha256-8qbcLsWajUJ316g6H1lLKnjxO/Ni+hnjbnw4fqTB4SE=",
        "owner": "nix-community",
        "repo": "nixos-anywhere",
        "rev": "3c6e0cc24fbc69b97a22cf09bb6ca361354e0490",
        "type": "github"
      },
      "original": {
        "owner": "nix-community",
        "repo": "nixos-anywhere",
        "type": "github"
      }
    },
    "nixos-images": {
      "inputs": {
        "nixos-stable": [
          "nixos-anywhere",
          "nixos-stable"
        ],
        "nixos-unstable": [
          "nixos-anywhere",
          "nixpkgs"
        ]
      },
      "locked": {
        "lastModified": 1790246259,
        "narHash": "sha256-tIsExtl9e4G0S4r4OhJe9v/zv89/N+gvh+evAcgO6mk=",
        "owner": "nix-community",
        "repo": "nixos-images",
        "rev": "079349fa2e5bbb103eb0226cb27915cf1c0d6f05",
        "type": "github"
      },
      "original": {
        "owner": "nix-community",
        "repo": "nixos-images",
        "type": "github"
      }
    },
    "nixos-stable": {
      "locked": {
        "lastModified": 1790450978,
        "narHash": "sha256-/eLCD/X9kaWJqPR47+fDozEC87Hjmm3i8gJbYmDAD7g=",
        "owner": "NixOS",
        "repo": "nixpkgs",
        "rev": "5e2305d577ca00acbba631b05cb1094d172b29f3",
        "type": "github"
      },
      "original": {
        "owner": "NixOS",
        "ref": "nixos-26.05",
        "repo": "nixpkgs",
        "type": "github"
      }
    },
    "nixpkgs": {
      "locked": {
        "lastModified": 1790822859,
        "narHash": "sha256-69xHQhAeMAD2wDXO7T2pcOZIF9Sga2W+JkmY2a11Ops=",
        "owner": "nixos",
        "repo": "nixpkgs",
        "rev": "c59305bab2065cfecc4944690d9eedbb56f3a9fa",
        "type": "github"
      },
      "original": {
        "owner": "nixos",
        "ref": "nixos-unstable",
        "repo": "nixpkgs",
        "type": "github"
      }
    },
    "nixpkgs-actions-languageserver": {
      "locked": {
        "lastModified": 1789660154,
        "narHash": "sha256-bNMDKO2MsWyPxHzUmUGgn3Xjw5vuQxWyEB9X2EnUlpY=",
        "owner": "keirlawson",
        "repo": "nixpkgs",
        "rev": "d2d3eb058bd144e30135ba28d02694374d95ab38",
        "type": "github"
      },
      "original": {
        "owner": "keirlawson",
        "ref": "init-actions-languageserver",
        "repo": "nixpkgs",
        "type": "github"
      }
    },
    "nixpkgs-lib": {
      "locked": {
        "lastModified": 1790477367,
        "narHash": "sha256-oujbxmVKDhci2E4EM3KyAbRUgp5/IsCoiA/LfEF7OOk=",
        "owner": "nix-community",
        "repo": "nixpkgs.lib",
        "rev": "f7cd230690d9fc982d06129f9189b101fddcfa3b",
        "type": "github"
      },
      "original": {
        "owner": "nix-community",
        "repo": "nixpkgs.lib",
        "type": "github"
      }
    },
    "nixpkgs-stable": {
      "locked": {
        "lastModified": 1790920529,
        "narHash": "sha256-nQyFkMR78WP6PiXKkDW2SjqzLf/spQqjRuxRGSbcV8k=",
        "owner": "nixos",
        "repo": "nixpkgs",
        "rev": "774debe7a0d1b496e35677ad955a1011c6ff74f3",
        "type": "github"
      },
      "original": {
        "owner": "nixos",
        "ref": "nixos-26.05",
        "repo": "nixpkgs",
        "type": "github"
      }
    },
    "nvf": {
      "inputs": {
        "flake-compat": "flake-compat_3",
        "mnw": "mnw",
        "nixpkgs": [
          "nixpkgs"
        ]
      },
      "locked": {
        "lastModified": 1790797021,
        "narHash": "sha256-H2vA5yUaS58Wtdp46piMbRqSQe3Qn716i/oZPYoyhp8=",
        "owner": "notashelf",
        "repo": "nvf",
        "rev": "2477cb0a5f394df36ddc72867c2657225d93d157",
        "type": "github"
      },
      "original": {
        "owner": "notashelf",
        "repo": "nvf",
        "type": "github"
      }
    },
    "preservation": {
      "locked": {
        "lastModified": 1757436102,
        "narHash": "sha256-mMI9IanU+Xw+pVogD2oT0I2kTmvz2Un/Apc5+CwUpEY=",
        "owner": "nix-community",
        "repo": "preservation",
        "rev": "93416f4614ad2dfed5b0dcf12f27e57d27a5ab11",
        "type": "github"
      },
      "original": {
        "owner": "nix-community",
        "repo": "preservation",
        "type": "github"
      }
    },
    "pyproject-build-systems": {
      "inputs": {
        "nixpkgs": [
          "nixpkgs"
        ],
        "pyproject-nix": [
          "pyproject-nix"
        ],
        "uv2nix": [
          "uv2nix"
        ]
      },
      "locked": {
        "lastModified": 1790565003,
        "narHash": "sha256-q4W45pwcae0gK41vxzqfmXOnODGKfduLJJdraPHYXcY=",
        "owner": "pyproject-nix",
        "repo": "build-system-pkgs",
        "rev": "c84c47bba26ea303eaefc137ab48307fe57a1be1",
        "type": "github"
      },
      "original": {
        "owner": "pyproject-nix",
        "repo": "build-system-pkgs",
        "type": "github"
      }
    },
    "pyproject-nix": {
      "inputs": {
        "nixpkgs": [
          "nixpkgs"
        ]
      },
      "locked": {
        "lastModified": 1788394333,
        "narHash": "sha256-xYOP0Xym1eVGUaHFx+eJEaycFGoiCbst3fZf0xFHP78=",
        "owner": "pyproject-nix",
        "repo": "pyproject.nix",
        "rev": "6a8a7881d75b6f98967e7b8069f4ead331384301",
        "type": "github"
      },
      "original": {
        "owner": "pyproject-nix",
        "repo": "pyproject.nix",
        "type": "github"
      }
    },
    "root": {
      "inputs": {
        "ark-rp-visualisation": "ark-rp-visualisation",
        "bunny-yazi": "bunny-yazi",
        "colmena": "colmena",
        "comin": "comin",
        "creamlinux-installer": "creamlinux-installer",
        "disko": "disko",
        "filebrowser-quantum": "filebrowser-quantum",
        "flake-parts": "flake-parts",
        "git-hooks-nix": "git-hooks-nix",
        "github-actions-nvim": "github-actions-nvim",
        "github2forgejo": "github2forgejo",
        "home-manager": "home-manager",
        "import-tree": "import-tree",
        "nix-darwin": "nix-darwin",
        "nix-index-database": "nix-index-database",
        "nixos-anywhere": "nixos-anywhere",
        "nixpkgs": "nixpkgs",
        "nixpkgs-actions-languageserver": "nixpkgs-actions-languageserver",
        "nixpkgs-stable": "nixpkgs-stable",
        "nvf": "nvf",
        "preservation": "preservation",
        "pyproject-build-systems": "pyproject-build-systems",
        "pyproject-nix": "pyproject-nix",
        "secrets": "secrets",
        "sops-nix": "sops-nix",
        "system-clipboard-yazi": "system-clipboard-yazi",
        "tumblr-backup": "tumblr-backup",
        "uv2nix": "uv2nix"
      }
    },
    "secrets": {
      "flake": false,
      "locked": {
        "lastModified": 1790839231,
        "narHash": "sha256-2yhJ4mFInmU+aPAqhDzaOxphVkxKGW/1/BqiMB6WLFw=",
        "owner": "queze1",
        "repo": "nixos-secrets",
        "rev": "f97259019ddee2f0c3145d54989e0b9d3f398c70",
        "type": "github"
      },
      "original": {
        "owner": "queze1",
        "repo": "nixos-secrets",
        "type": "github"
      }
    },
    "sops-nix": {
      "inputs": {
        "nixpkgs": [
          "nixpkgs"
        ]
      },
      "locked": {
        "lastModified": 1790498116,
        "narHash": "sha256-rs9meAYxW3zzrh43yaW7htrqCD+X9+pupDPHN86fumI=",
        "owner": "Mic92",
        "repo": "sops-nix",
        "rev": "5efb5a6f4f5ab192817d28557dd4d650fa14d866",
        "type": "github"
      },
      "original": {
        "owner": "Mic92",
        "repo": "sops-nix",
        "type": "github"
      }
    },
    "system-clipboard-yazi": {
      "flake": false,
      "locked": {
        "lastModified": 1788014685,
        "narHash": "sha256-1qbi/oOcnWTliP+FT4Yk4rwPCRu4KQh3EHJzLY+noUw=",
        "owner": "orhnk",
        "repo": "system-clipboard.yazi",
        "rev": "ed946c3932937cb58b1bcaaf0e45f8e26b14f151",
        "type": "github"
      },
      "original": {
        "owner": "orhnk",
        "repo": "system-clipboard.yazi",
        "type": "github"
      }
    },
    "systems": {
      "locked": {
        "lastModified": 1776166891,
        "narHash": "sha256-bI8yrEGjrohR5hkQox7UrxDH7XqrYMwI8SL/LrJ1+S8=",
        "owner": "nix-systems",
        "repo": "triplet",
        "rev": "6de7bc09397911ce03636afbcf6118745ab2cda0",
        "type": "github"
      },
      "original": {
        "owner": "nix-systems",
        "repo": "triplet",
        "type": "github"
      }
    },
    "treefmt-nix": {
      "inputs": {
        "nixpkgs": [
          "nixpkgs"
        ]
      },
      "locked": {
        "lastModified": 1770228511,
        "narHash": "sha256-wQ6NJSuFqAEmIg2VMnLdCnUc0b7vslUohqqGGD+Fyxk=",
        "owner": "numtide",
        "repo": "treefmt-nix",
        "rev": "337a4fe074be1042a35086f15481d763b8ddc0e7",
        "type": "github"
      },
      "original": {
        "owner": "numtide",
        "repo": "treefmt-nix",
        "type": "github"
      }
    },
    "treefmt-nix_2": {
      "inputs": {
        "nixpkgs": [
          "nixos-anywhere",
          "nixpkgs"
        ]
      },
      "locked": {
        "lastModified": 1786901030,
        "narHash": "sha256-WSFCsDSE5ffgD2MqzkM2CYjeFiKhRF/dJUN8uedb6YE=",
        "owner": "numtide",
        "repo": "treefmt-nix",
        "rev": "27b3b12a8e6375f28ebe122f07d230ca5459bbfa",
        "type": "github"
      },
      "original": {
        "owner": "numtide",
        "repo": "treefmt-nix",
        "type": "github"
      }
    },
    "tumblr-backup": {
      "flake": false,
      "locked": {
        "lastModified": 1788527060,
        "narHash": "sha256-IHlhT/80CQl0TgYlCIkyqKLaDYvIqNeQ/fq+t0eaknw=",
        "owner": "cebtenzzre",
        "repo": "tumblr-utils",
        "rev": "6cfccadb8ce00a3b7a356f1bdfa9b86c60bc6cce",
        "type": "github"
      },
      "original": {
        "owner": "cebtenzzre",
        "repo": "tumblr-utils",
        "type": "github"
      }
    },
    "uv2nix": {
      "inputs": {
        "nixpkgs": [
          "nixpkgs"
        ],
        "pyproject-nix": [
          "pyproject-nix"
        ]
      },
      "locked": {
        "lastModified": 1790341335,
        "narHash": "sha256-wFnDm/o/4OebDlpGFyVXP8DLUx0/gR/jUFuGqmTwsQg=",
        "owner": "pyproject-nix",
        "repo": "uv2nix",
        "rev": "a24323e9e6ecbbf305c238845ff6c612d50467c0",
        "type": "github"
      },
      "original": {
        "owner": "pyproject-nix",
        "repo": "uv2nix",
        "type": "github"
      }
    }
  },
  "root": "root",
  "version": 7
}
